
Microsoft Visual Studio Solution File, Format Version 12.00
# Visual Studio Version 17
VisualStudioVersion = 17.3.32804.467
MinimumVisualStudioVersion = 10.0.40219.1
Project("{2150E333-8FDC-42A3-9474-1A3956D46DE8}") = "Experiments", "Experiments", "{67C958E1-E848-43AF-BBE5-8AFA669BE779}"
EndProject
Project("{9A19103F-16F7-4668-BE54-9A1E7A4F7556}") = "FaceONNX", "..\FaceONNX\FaceONNX.csproj", "{95BE865F-AB5E-4B44-972B-5D21187886B6}"
EndProject
Project("{9A19103F-16F7-4668-BE54-9A1E7A4F7556}") = "FaceONNX.Addons", "..\FaceONNX.Addons\FaceONNX.Addons.csproj", "{E878C140-5E1E-4321-9270-90194E863505}"
EndProject
Project("{9A19103F-16F7-4668-BE54-9A1E7A4F7556}") = "FaceONNX.Addons.Gpu", "..\FaceONNX.Addons.Gpu\FaceONNX.Addons.Gpu.csproj", "{B02561CE-3700-4E85-8FC8-929922F26D10}"
EndProject
Project("{9A19103F-16F7-4668-BE54-9A1E7A4F7556}") = "FaceONNX.Gpu", "..\FaceONNX.Gpu\FaceONNX.Gpu.csproj", "{FD0A4F83-A9A0-4399-A895-70CA07BF161C}"
EndProject
Project("{9A19103F-16F7-4668-BE54-9A1E7A4F7556}") = "FaceAlignment", "FaceAlignment\FaceAlignment.csproj", "{B10D53D1-CC11-4CDC-B8C5-76400826FCDB}"
EndProject
Project("{9A19103F-16F7-4668-BE54-9A1E7A4F7556}") = "FaceRotationLandmarks", "FaceRotationLandmarks\FaceRotationLandmarks.csproj", "{D23A7DE1-400A-4A95-85AB-3251419A39C4}"
EndProject
Project("{9A19103F-16F7-4668-BE54-9A1E7A4F7556}") = "RealSenseFaceID", "RealSenseFaceID\RealSenseFaceID.csproj", "{107D825D-BA8D-41E3-B08A-033162169B1E}"
EndProject
Global
	GlobalSection(SolutionConfigurationPlatforms) = preSolution
		Debug|Any CPU = Debug|Any CPU
		Release|Any CPU = Release|Any CPU
	EndGlobalSection
	GlobalSection(ProjectConfigurationPlatforms) = postSolution
		{95BE865F-AB5E-4B44-972B-5D21187886B6}.Debug|Any CPU.ActiveCfg = Debug|Any CPU
		{95BE865F-AB5E-4B44-972B-5D21187886B6}.Debug|Any CPU.Build.0 = Debug|Any CPU
		{95BE865F-AB5E-4B44-972B-5D21187886B6}.Release|Any CPU.ActiveCfg = Release|Any CPU
		{95BE865F-AB5E-4B44-972B-5D21187886B6}.Release|Any CPU.Build.0 = Release|Any CPU
		{E878C140-5E1E-4321-9270-90194E863505}.Debug|Any CPU.ActiveCfg = Debug|Any CPU
		{E878C140-5E1E-4321-9270-90194E863505}.Debug|Any CPU.Build.0 = Debug|Any CPU
		{E878C140-5E1E-4321-9270-90194E863505}.Release|Any CPU.ActiveCfg = Release|Any CPU
		{E878C140-5E1E-4321-9270-90194E863505}.Release|Any CPU.Build.0 = Release|Any CPU
		{B02561CE-3700-4E85-8FC8-929922F26D10}.Debug|Any CPU.ActiveCfg = Debug|Any CPU
		{B02561CE-3700-4E85-8FC8-929922F26D10}.Debug|Any CPU.Build.0 = Debug|Any CPU
		{B02561CE-3700-4E85-8FC8-929922F26D10}.Release|Any CPU.ActiveCfg = Release|Any CPU
		{B02561CE-3700-4E85-8FC8-929922F26D10}.Release|Any CPU.Build.0 = Release|Any CPU
		{FD0A4F83-A9A0-4399-A895-70CA07BF161C}.Debug|Any CPU.ActiveCfg = Debug|Any CPU
		{FD0A4F83-A9A0-4399-A895-70CA07BF161C}.Debug|Any CPU.Build.0 = Debug|Any CPU
		{FD0A4F83-A9A0-4399-A895-70CA07BF161C}.Release|Any CPU.ActiveCfg = Release|Any CPU
		{FD0A4F83-A9A0-4399-A895-70CA07BF161C}.Release|Any CPU.Build.0 = Release|Any CPU
		{B10D53D1-CC11-4CDC-B8C5-76400826FCDB}.Debug|Any CPU.ActiveCfg = Debug|Any CPU
		{B10D53D1-CC11-4CDC-B8C5-76400826FCDB}.Debug|Any CPU.Build.0 = Debug|Any CPU
		{B10D53D1-CC11-4CDC-B8C5-76400826FCDB}.Release|Any CPU.ActiveCfg = Release|Any CPU
		{B10D53D1-CC11-4CDC-B8C5-76400826FCDB}.Release|Any CPU.Build.0 = Release|Any CPU
		{D23A7DE1-400A-4A95-85AB-3251419A39C4}.Debug|Any CPU.ActiveCfg = Debug|Any CPU
		{D23A7DE1-400A-4A95-85AB-3251419A39C4}.Debug|Any CPU.Build.0 = Debug|Any CPU
		{D23A7DE1-400A-4A95-85AB-3251419A39C4}.Release|Any CPU.ActiveCfg = Release|Any CPU
		{D23A7DE1-400A-4A95-85AB-3251419A39C4}.Release|Any CPU.Build.0 = Release|Any CPU
		{107D825D-BA8D-41E3-B08A-033162169B1E}.Debug|Any CPU.ActiveCfg = Debug|Any CPU
		{107D825D-BA8D-41E3-B08A-033162169B1E}.Debug|Any CPU.Build.0 = Debug|Any CPU
		{107D825D-BA8D-41E3-B08A-033162169B1E}.Release|Any CPU.ActiveCfg = Release|Any CPU
		{107D825D-BA8D-41E3-B08A-033162169B1E}.Release|Any CPU.Build.0 = Release|Any CPU
	EndGlobalSection
	GlobalSection(SolutionProperties) = preSolution
		HideSolutionNode = FALSE
	EndGlobalSection
	GlobalSection(NestedProjects) = preSolution
		{B10D53D1-CC11-4CDC-B8C5-76400826FCDB} = {67C958E1-E848-43AF-BBE5-8AFA669BE779}
		{D23A7DE1-400A-4A95-85AB-3251419A39C4} = {67C958E1-E848-43AF-BBE5-8AFA669BE779}
		{107D825D-BA8D-41E3-B08A-033162169B1E} = {67C958E1-E848-43AF-BBE5-8AFA669BE779}
	EndGlobalSection
	GlobalSection(ExtensibilityGlobals) = postSolution
		SolutionGuid = {01FD9540-BC1B-49CE-964B-E3D5C5C720D2}
	EndGlobalSection
EndGlobal
