
Microsoft Visual Studio Solution File, Format Version 12.00
# Visual Studio Version 17
VisualStudioVersion = 17.8.34309.116
MinimumVisualStudioVersion = 10.0.40219.1
Project("{9A19103F-16F7-4668-BE54-9A1E7A4F7556}") = "FaceONNX", "FaceONNX\FaceONNX.csproj", "{9B21E696-9363-4FD0-A8C7-70D7FF0420B3}"
EndProject
Project("{9A19103F-16F7-4668-BE54-9A1E7A4F7556}") = "FaceONNX.Addons", "FaceONNX.Addons\FaceONNX.Addons.csproj", "{60B372D5-D608-44D5-B7AF-18BC3670F58C}"
EndProject
Global
	GlobalSection(SolutionConfigurationPlatforms) = preSolution
		Debug|Any CPU = Debug|Any CPU
		Release|Any CPU = Release|Any CPU
	EndGlobalSection
	GlobalSection(ProjectConfigurationPlatforms) = postSolution
		{9B21E696-9363-4FD0-A8C7-70D7FF0420B3}.Debug|Any CPU.ActiveCfg = Debug|Any CPU
		{9B21E696-9363-4FD0-A8C7-70D7FF0420B3}.Debug|Any CPU.Build.0 = Debug|Any CPU
		{9B21E696-9363-4FD0-A8C7-70D7FF0420B3}.Release|Any CPU.ActiveCfg = Release|Any CPU
		{9B21E696-9363-4FD0-A8C7-70D7FF0420B3}.Release|Any CPU.Build.0 = Release|Any CPU
		{60B372D5-D608-44D5-B7AF-18BC3670F58C}.Debug|Any CPU.ActiveCfg = Debug|Any CPU
		{60B372D5-D608-44D5-B7AF-18BC3670F58C}.Debug|Any CPU.Build.0 = Debug|Any CPU
		{60B372D5-D608-44D5-B7AF-18BC3670F58C}.Release|Any CPU.ActiveCfg = Release|Any CPU
		{60B372D5-D608-44D5-B7AF-18BC3670F58C}.Release|Any CPU.Build.0 = Release|Any CPU
	EndGlobalSection
	GlobalSection(SolutionProperties) = preSolution
		HideSolutionNode = FALSE
	EndGlobalSection
	GlobalSection(ExtensibilityGlobals) = postSolution
		SolutionGuid = {7F8F882E-960E-4B12-A393-9E938B33E5A7}
	EndGlobalSection
EndGlobal
