
Microsoft Visual Studio Solution File, Format Version 12.00
# Visual Studio Version 16
VisualStudioVersion = 16.0.30413.136
MinimumVisualStudioVersion = 10.0.40219.1
Project("{9A19103F-16F7-4668-BE54-9A1E7A4F7556}") = "FaceONNX", "FaceONNX\FaceONNX.csproj", "{9B21E696-9363-4FD0-A8C7-70D7FF0420B3}"
EndProject
Project("{9A19103F-16F7-4668-BE54-9A1E7A4F7556}") = "FaceONNX.Gpu", "FaceONNX.Gpu\FaceONNX.Gpu.csproj", "{D072660A-831F-46DF-9ECB-C83610A681EE}"
EndProject
Global
	GlobalSection(SolutionConfigurationPlatforms) = preSolution
		Debug|Any CPU = Debug|Any CPU
		Release|Any CPU = Release|Any CPU
	EndGlobalSection
	GlobalSection(ProjectConfigurationPlatforms) = postSolution
		{9B21E696-9363-4FD0-A8C7-70D7FF0420B3}.Debug|Any CPU.ActiveCfg = Debug|Any CPU
		{9B21E696-9363-4FD0-A8C7-70D7FF0420B3}.Debug|Any CPU.Build.0 = Debug|Any CPU
		{9B21E696-9363-4FD0-A8C7-70D7FF0420B3}.Release|Any CPU.ActiveCfg = Release|Any CPU
		{9B21E696-9363-4FD0-A8C7-70D7FF0420B3}.Release|Any CPU.Build.0 = Release|Any CPU
		{D072660A-831F-46DF-9ECB-C83610A681EE}.Debug|Any CPU.ActiveCfg = Debug|Any CPU
		{D072660A-831F-46DF-9ECB-C83610A681EE}.Debug|Any CPU.Build.0 = Debug|Any CPU
		{D072660A-831F-46DF-9ECB-C83610A681EE}.Release|Any CPU.ActiveCfg = Release|Any CPU
		{D072660A-831F-46DF-9ECB-C83610A681EE}.Release|Any CPU.Build.0 = Release|Any CPU
	EndGlobalSection
	GlobalSection(SolutionProperties) = preSolution
		HideSolutionNode = FALSE
	EndGlobalSection
	GlobalSection(ExtensibilityGlobals) = postSolution
		SolutionGuid = {7F8F882E-960E-4B12-A393-9E938B33E5A7}
	EndGlobalSection
EndGlobal
