
Microsoft Visual Studio Solution File, Format Version 12.00
# Visual Studio Version 16
VisualStudioVersion = 16.0.30413.136
MinimumVisualStudioVersion = 10.0.40219.1
Project("{9A19103F-16F7-4668-BE54-9A1E7A4F7556}") = "GenderClassification", "GenderClassification\GenderClassification.csproj", "{51081414-FCFE-4118-80B9-A557445BED1E}"
EndProject
Project("{FAE04EC0-301F-11D3-BF4B-00C04F79EFBC}") = "FaceDetection", "FaceDetection\FaceDetection.csproj", "{26079408-33AE-4F86-A5FF-70C9FE166E93}"
EndProject
Project("{FAE04EC0-301F-11D3-BF4B-00C04F79EFBC}") = "FaceLandmarksExtraction", "FaceLandmarksExtraction\FaceLandmarksExtraction.csproj", "{66F03040-596D-4A8A-BDE0-D5336D6E01E6}"
EndProject
Project("{9A19103F-16F7-4668-BE54-9A1E7A4F7556}") = "FaceEmbeddingsClassification", "FaceEmbeddingsClassification\FaceEmbeddingsClassification.csproj", "{FCD9EB80-B32F-47ED-AF42-B3ECBFC284EA}"
EndProject
Global
	GlobalSection(SolutionConfigurationPlatforms) = preSolution
		Debug|Any CPU = Debug|Any CPU
		Release|Any CPU = Release|Any CPU
	EndGlobalSection
	GlobalSection(ProjectConfigurationPlatforms) = postSolution
		{51081414-FCFE-4118-80B9-A557445BED1E}.Debug|Any CPU.ActiveCfg = Debug|Any CPU
		{51081414-FCFE-4118-80B9-A557445BED1E}.Debug|Any CPU.Build.0 = Debug|Any CPU
		{51081414-FCFE-4118-80B9-A557445BED1E}.Release|Any CPU.ActiveCfg = Release|Any CPU
		{51081414-FCFE-4118-80B9-A557445BED1E}.Release|Any CPU.Build.0 = Release|Any CPU
		{26079408-33AE-4F86-A5FF-70C9FE166E93}.Debug|Any CPU.ActiveCfg = Debug|Any CPU
		{26079408-33AE-4F86-A5FF-70C9FE166E93}.Debug|Any CPU.Build.0 = Debug|Any CPU
		{26079408-33AE-4F86-A5FF-70C9FE166E93}.Release|Any CPU.ActiveCfg = Release|Any CPU
		{26079408-33AE-4F86-A5FF-70C9FE166E93}.Release|Any CPU.Build.0 = Release|Any CPU
		{66F03040-596D-4A8A-BDE0-D5336D6E01E6}.Debug|Any CPU.ActiveCfg = Debug|Any CPU
		{66F03040-596D-4A8A-BDE0-D5336D6E01E6}.Debug|Any CPU.Build.0 = Debug|Any CPU
		{66F03040-596D-4A8A-BDE0-D5336D6E01E6}.Release|Any CPU.ActiveCfg = Release|Any CPU
		{66F03040-596D-4A8A-BDE0-D5336D6E01E6}.Release|Any CPU.Build.0 = Release|Any CPU
		{FCD9EB80-B32F-47ED-AF42-B3ECBFC284EA}.Debug|Any CPU.ActiveCfg = Debug|Any CPU
		{FCD9EB80-B32F-47ED-AF42-B3ECBFC284EA}.Debug|Any CPU.Build.0 = Debug|Any CPU
		{FCD9EB80-B32F-47ED-AF42-B3ECBFC284EA}.Release|Any CPU.ActiveCfg = Release|Any CPU
		{FCD9EB80-B32F-47ED-AF42-B3ECBFC284EA}.Release|Any CPU.Build.0 = Release|Any CPU
	EndGlobalSection
	GlobalSection(SolutionProperties) = preSolution
		HideSolutionNode = FALSE
	EndGlobalSection
	GlobalSection(ExtensibilityGlobals) = postSolution
		SolutionGuid = {5FF22568-AF22-4908-B154-9079ADE91946}
	EndGlobalSection
EndGlobal
