
Microsoft Visual Studio Solution File, Format Version 12.00
# Visual Studio Version 16
VisualStudioVersion = 16.0.30413.136
MinimumVisualStudioVersion = 10.0.40219.1
Project("{9A19103F-16F7-4668-BE54-9A1E7A4F7556}") = "FaceEmbeddingsClassification", "FaceEmbeddingsClassification\FaceEmbeddingsClassification.csproj", "{FCD9EB80-B32F-47ED-AF42-B3ECBFC284EA}"
EndProject
Project("{9A19103F-16F7-4668-BE54-9A1E7A4F7556}") = "GenderClassification", "GenderClassification\GenderClassification.csproj", "{FFB951B3-E3D2-4F75-B22D-723747FAC18E}"
EndProject
Project("{9A19103F-16F7-4668-BE54-9A1E7A4F7556}") = "FaceDetection", "FaceDetection\FaceDetection.csproj", "{8B988391-39A9-4A3C-9FB8-5474CA5A0390}"
EndProject
Project("{FAE04EC0-301F-11D3-BF4B-00C04F79EFBC}") = "FaceLandmarksExtraction", "FaceLandmarksExtraction\FaceLandmarksExtraction.csproj", "{66F03040-596D-4A8A-BDE0-D5336D6E01E6}"
EndProject
Global
	GlobalSection(SolutionConfigurationPlatforms) = preSolution
		Debug|Any CPU = Debug|Any CPU
		Debug|x86 = Debug|x86
		Release|Any CPU = Release|Any CPU
		Release|x86 = Release|x86
	EndGlobalSection
	GlobalSection(ProjectConfigurationPlatforms) = postSolution
		{FCD9EB80-B32F-47ED-AF42-B3ECBFC284EA}.Debug|Any CPU.ActiveCfg = Debug|Any CPU
		{FCD9EB80-B32F-47ED-AF42-B3ECBFC284EA}.Debug|Any CPU.Build.0 = Debug|Any CPU
		{FCD9EB80-B32F-47ED-AF42-B3ECBFC284EA}.Debug|x86.ActiveCfg = Debug|Any CPU
		{FCD9EB80-B32F-47ED-AF42-B3ECBFC284EA}.Debug|x86.Build.0 = Debug|Any CPU
		{FCD9EB80-B32F-47ED-AF42-B3ECBFC284EA}.Release|Any CPU.ActiveCfg = Release|Any CPU
		{FCD9EB80-B32F-47ED-AF42-B3ECBFC284EA}.Release|Any CPU.Build.0 = Release|Any CPU
		{FCD9EB80-B32F-47ED-AF42-B3ECBFC284EA}.Release|x86.ActiveCfg = Release|Any CPU
		{FCD9EB80-B32F-47ED-AF42-B3ECBFC284EA}.Release|x86.Build.0 = Release|Any CPU
		{FFB951B3-E3D2-4F75-B22D-723747FAC18E}.Debug|Any CPU.ActiveCfg = Debug|Any CPU
		{FFB951B3-E3D2-4F75-B22D-723747FAC18E}.Debug|Any CPU.Build.0 = Debug|Any CPU
		{FFB951B3-E3D2-4F75-B22D-723747FAC18E}.Debug|x86.ActiveCfg = Debug|Any CPU
		{FFB951B3-E3D2-4F75-B22D-723747FAC18E}.Debug|x86.Build.0 = Debug|Any CPU
		{FFB951B3-E3D2-4F75-B22D-723747FAC18E}.Release|Any CPU.ActiveCfg = Release|Any CPU
		{FFB951B3-E3D2-4F75-B22D-723747FAC18E}.Release|Any CPU.Build.0 = Release|Any CPU
		{FFB951B3-E3D2-4F75-B22D-723747FAC18E}.Release|x86.ActiveCfg = Release|Any CPU
		{FFB951B3-E3D2-4F75-B22D-723747FAC18E}.Release|x86.Build.0 = Release|Any CPU
		{8B988391-39A9-4A3C-9FB8-5474CA5A0390}.Debug|Any CPU.ActiveCfg = Debug|Any CPU
		{8B988391-39A9-4A3C-9FB8-5474CA5A0390}.Debug|Any CPU.Build.0 = Debug|Any CPU
		{8B988391-39A9-4A3C-9FB8-5474CA5A0390}.Debug|x86.ActiveCfg = Debug|Any CPU
		{8B988391-39A9-4A3C-9FB8-5474CA5A0390}.Debug|x86.Build.0 = Debug|Any CPU
		{8B988391-39A9-4A3C-9FB8-5474CA5A0390}.Release|Any CPU.ActiveCfg = Release|Any CPU
		{8B988391-39A9-4A3C-9FB8-5474CA5A0390}.Release|Any CPU.Build.0 = Release|Any CPU
		{8B988391-39A9-4A3C-9FB8-5474CA5A0390}.Release|x86.ActiveCfg = Release|Any CPU
		{8B988391-39A9-4A3C-9FB8-5474CA5A0390}.Release|x86.Build.0 = Release|Any CPU
		{66F03040-596D-4A8A-BDE0-D5336D6E01E6}.Debug|Any CPU.ActiveCfg = Debug|Any CPU
		{66F03040-596D-4A8A-BDE0-D5336D6E01E6}.Debug|Any CPU.Build.0 = Debug|Any CPU
		{66F03040-596D-4A8A-BDE0-D5336D6E01E6}.Debug|x86.ActiveCfg = Debug|Win32
		{66F03040-596D-4A8A-BDE0-D5336D6E01E6}.Debug|x86.Build.0 = Debug|Win32
		{66F03040-596D-4A8A-BDE0-D5336D6E01E6}.Release|Any CPU.ActiveCfg = Release|Any CPU
		{66F03040-596D-4A8A-BDE0-D5336D6E01E6}.Release|Any CPU.Build.0 = Release|Any CPU
		{66F03040-596D-4A8A-BDE0-D5336D6E01E6}.Release|x86.ActiveCfg = Release|Win32
		{66F03040-596D-4A8A-BDE0-D5336D6E01E6}.Release|x86.Build.0 = Release|Win32
	EndGlobalSection
	GlobalSection(SolutionProperties) = preSolution
		HideSolutionNode = FALSE
	EndGlobalSection
	GlobalSection(ExtensibilityGlobals) = postSolution
		SolutionGuid = {5FF22568-AF22-4908-B154-9079ADE91946}
	EndGlobalSection
EndGlobal
